
Microsoft Visual Studio Solution File, Format Version 12.00
# Visual Studio Version 17
VisualStudioVersion = 17.12.35506.116 d17.12
MinimumVisualStudioVersion = 10.0.40219.1
Project("{FAE04EC0-301F-11D3-BF4B-00C04F79EFBC}") = "Capa_Datos", "billetera3\Capa_Datos.csproj", "{74189CB9-17AF-489B-AC62-9A08947A71AD}"
EndProject
Project("{FAE04EC0-301F-11D3-BF4B-00C04F79EFBC}") = "Capa_Negocios", "ClassLibrary1\Capa_Negocios.csproj", "{9016B29D-BA10-4152-A1CC-A46698A758DC}"
EndProject
Project("{FAE04EC0-301F-11D3-BF4B-00C04F79EFBC}") = "Capa_Presentacion", "WinFormsApp1\Capa_Presentacion.csproj", "{7DE1AED4-2E57-446B-8379-1FDE49FC2AA6}"
EndProject
Global
	GlobalSection(SolutionConfigurationPlatforms) = preSolution
		Debug|Any CPU = Debug|Any CPU
		Release|Any CPU = Release|Any CPU
	EndGlobalSection
	GlobalSection(ProjectConfigurationPlatforms) = postSolution
		{74189CB9-17AF-489B-AC62-9A08947A71AD}.Debug|Any CPU.ActiveCfg = Debug|Any CPU
		{74189CB9-17AF-489B-AC62-9A08947A71AD}.Debug|Any CPU.Build.0 = Debug|Any CPU
		{74189CB9-17AF-489B-AC62-9A08947A71AD}.Release|Any CPU.ActiveCfg = Release|Any CPU
		{74189CB9-17AF-489B-AC62-9A08947A71AD}.Release|Any CPU.Build.0 = Release|Any CPU
		{9016B29D-BA10-4152-A1CC-A46698A758DC}.Debug|Any CPU.ActiveCfg = Debug|Any CPU
		{9016B29D-BA10-4152-A1CC-A46698A758DC}.Debug|Any CPU.Build.0 = Debug|Any CPU
		{9016B29D-BA10-4152-A1CC-A46698A758DC}.Release|Any CPU.ActiveCfg = Release|Any CPU
		{9016B29D-BA10-4152-A1CC-A46698A758DC}.Release|Any CPU.Build.0 = Release|Any CPU
		{7DE1AED4-2E57-446B-8379-1FDE49FC2AA6}.Debug|Any CPU.ActiveCfg = Debug|Any CPU
		{7DE1AED4-2E57-446B-8379-1FDE49FC2AA6}.Debug|Any CPU.Build.0 = Debug|Any CPU
		{7DE1AED4-2E57-446B-8379-1FDE49FC2AA6}.Release|Any CPU.ActiveCfg = Release|Any CPU
		{7DE1AED4-2E57-446B-8379-1FDE49FC2AA6}.Release|Any CPU.Build.0 = Release|Any CPU
	EndGlobalSection
	GlobalSection(SolutionProperties) = preSolution
		HideSolutionNode = FALSE
	EndGlobalSection
EndGlobal
